// !$*UTF8*$!
{
	archiveVersion = 1;
	classes = {
	};
	objectVersion = 56;
	objects = {

/* Begin PBXBuildFile section */
		B5E462F62ACB338200ECEFF0 /* AppDelegate.swift in Sources */ = {isa = PBXBuildFile; fileRef = B5E462F52ACB338200ECEFF0 /* AppDelegate.swift */; };
		B5E462F82ACB338200ECEFF0 /* SceneDelegate.swift in Sources */ = {isa = PBXBuildFile; fileRef = B5E462F72ACB338200ECEFF0 /* SceneDelegate.swift */; };
		B5E462FA2ACB338200ECEFF0 /* ViewController.swift in Sources */ = {isa = PBXBuildFile; fileRef = B5E462F92ACB338200ECEFF0 /* ViewController.swift */; };
		B5E462FD2ACB338200ECEFF0 /* Main.storyboard in Resources */ = {isa = PBXBuildFile; fileRef = B5E462FB2ACB338200ECEFF0 /* Main.storyboard */; };
		B5E462FF2ACB338500ECEFF0 /* Assets.xcassets in Resources */ = {isa = PBXBuildFile; fileRef = B5E462FE2ACB338500ECEFF0 /* Assets.xcassets */; };
		B5E463022ACB338500ECEFF0 /* LaunchScreen.storyboard in Resources */ = {isa = PBXBuildFile; fileRef = B5E463002ACB338500ECEFF0 /* LaunchScreen.storyboard */; };
		B5E4630D2ACB338600ECEFF0 /* test_iosTests.swift in Sources */ = {isa = PBXBuildFile; fileRef = B5E4630C2ACB338600ECEFF0 /* test_iosTests.swift */; };
		B5E463172ACB338600ECEFF0 /* test_iosUITests.swift in Sources */ = {isa = PBXBuildFile; fileRef = B5E463162ACB338600ECEFF0 /* test_iosUITests.swift */; };
		B5E463192ACB338600ECEFF0 /* test_iosUITestsLaunchTests.swift in Sources */ = {isa = PBXBuildFile; fileRef = B5E463182ACB338600ECEFF0 /* test_iosUITestsLaunchTests.swift */; };
/* End PBXBuildFile section */

/* Begin PBXContainerItemProxy section */
		B5E463092ACB338600ECEFF0 /* PBXContainerItemProxy */ = {
			isa = PBXContainerItemProxy;
			containerPortal = B5E462EA2ACB338200ECEFF0 /* Project object */;
			proxyType = 1;
			remoteGlobalIDString = B5E462F12ACB338200ECEFF0;
			remoteInfo = test_ios;
		};
		B5E463132ACB338600ECEFF0 /* PBXContainerItemProxy */ = {
			isa = PBXContainerItemProxy;
			containerPortal = B5E462EA2ACB338200ECEFF0 /* Project object */;
			proxyType = 1;
			remoteGlobalIDString = B5E462F12ACB338200ECEFF0;
			remoteInfo = test_ios;
		};
/* End PBXContainerItemProxy section */

/* Begin PBXFileReference section */
		B5E462F22ACB338200ECEFF0 /* test_ios.app */ = {isa = PBXFileReference; explicitFileType = wrapper.application; includeInIndex = 0; path = test_ios.app; sourceTree = BUILT_PRODUCTS_DIR; };
		B5E462F52ACB338200ECEFF0 /* AppDelegate.swift */ = {isa = PBXFileReference; lastKnownFileType = sourcecode.swift; path = AppDelegate.swift; sourceTree = "<group>"; };
		B5E462F72ACB338200ECEFF0 /* SceneDelegate.swift */ = {isa = PBXFileReference; lastKnownFileType = sourcecode.swift; path = SceneDelegate.swift; sourceTree = "<group>"; };
		B5E462F92ACB338200ECEFF0 /* ViewController.swift */ = {isa = PBXFileReference; lastKnownFileType = sourcecode.swift; path = ViewController.swift; sourceTree = "<group>"; };
		B5E462FC2ACB338200ECEFF0 /* Base */ = {isa = PBXFileReference; lastKnownFileType = file.storyboard; name = Base; path = Base.lproj/Main.storyboard; sourceTree = "<group>"; };
		B5E462FE2ACB338500ECEFF0 /* Assets.xcassets */ = {isa = PBXFileReference; lastKnownFileType = folder.assetcatalog; path = Assets.xcassets; sourceTree = "<group>"; };
		B5E463012ACB338500ECEFF0 /* Base */ = {isa = PBXFileReference; lastKnownFileType = file.storyboard; name = Base; path = Base.lproj/LaunchScreen.storyboard; sourceTree = "<group>"; };
		B5E463032ACB338500ECEFF0 /* Info.plist */ = {isa = PBXFileReference; lastKnownFileType = text.plist.xml; path = Info.plist; sourceTree = "<group>"; };
		B5E463082ACB338600ECEFF0 /* test_iosTests.xctest */ = {isa = PBXFileReference; explicitFileType = wrapper.cfbundle; includeInIndex = 0; path = test_iosTests.xctest; sourceTree = BUILT_PRODUCTS_DIR; };
		B5E4630C2ACB338600ECEFF0 /* test_iosTests.swift */ = {isa = PBXFileReference; lastKnownFileType = sourcecode.swift; path = test_iosTests.swift; sourceTree = "<group>"; };
		B5E463122ACB338600ECEFF0 /* test_iosUITests.xctest */ = {isa = PBXFileReference; explicitFileType = wrapper.cfbundle; includeInIndex = 0; path = test_iosUITests.xctest; sourceTree = BUILT_PRODUCTS_DIR; };
		B5E463162ACB338600ECEFF0 /* test_iosUITests.swift */ = {isa = PBXFileReference; lastKnownFileType = sourcecode.swift; path = test_iosUITests.swift; sourceTree = "<group>"; };
		B5E463182ACB338600ECEFF0 /* test_iosUITestsLaunchTests.swift */ = {isa = PBXFileReference; lastKnownFileType = sourcecode.swift; path = test_iosUITestsLaunchTests.swift; sourceTree = "<group>"; };
/* End PBXFileReference section */

/* Begin PBXFrameworksBuildPhase section */
		B5E462EF2ACB338200ECEFF0 /* Frameworks */ = {
			isa = PBXFrameworksBuildPhase;
			buildActionMask = 2147483647;
			files = (
			);
			runOnlyForDeploymentPostprocessing = 0;
		};
		B5E463052ACB338600ECEFF0 /* Frameworks */ = {
			isa = PBXFrameworksBuildPhase;
			buildActionMask = 2147483647;
			files = (
			);
			runOnlyForDeploymentPostprocessing = 0;
		};
		B5E4630F2ACB338600ECEFF0 /* Frameworks */ = {
			isa = PBXFrameworksBuildPhase;
			buildActionMask = 2147483647;
			files = (
			);
			runOnlyForDeploymentPostprocessing = 0;
		};
/* End PBXFrameworksBuildPhase section */

/* Begin PBXGroup section */
		B5E462E92ACB338200ECEFF0 = {
			isa = PBXGroup;
			children = (
				B5E462F42ACB338200ECEFF0 /* test_ios */,
				B5E4630B2ACB338600ECEFF0 /* test_iosTests */,
				B5E463152ACB338600ECEFF0 /* test_iosUITests */,
				B5E462F32ACB338200ECEFF0 /* Products */,
			);
			sourceTree = "<group>";
		};
		B5E462F32ACB338200ECEFF0 /* Products */ = {
			isa = PBXGroup;
			children = (
				B5E462F22ACB338200ECEFF0 /* test_ios.app */,
				B5E463082ACB338600ECEFF0 /* test_iosTests.xctest */,
				B5E463122ACB338600ECEFF0 /* test_iosUITests.xctest */,
			);
			name = Products;
			sourceTree = "<group>";
		};
		B5E462F42ACB338200ECEFF0 /* test_ios */ = {
			isa = PBXGroup;
			children = (
				B5E462F52ACB338200ECEFF0 /* AppDelegate.swift */,
				B5E462F72ACB338200ECEFF0 /* SceneDelegate.swift */,
				B5E462F92ACB338200ECEFF0 /* ViewController.swift */,
				B5E462FB2ACB338200ECEFF0 /* Main.storyboard */,
				B5E462FE2ACB338500ECEFF0 /* Assets.xcassets */,
				B5E463002ACB338500ECEFF0 /* LaunchScreen.storyboard */,
				B5E463032ACB338500ECEFF0 /* Info.plist */,
			);
			path = test_ios;
			sourceTree = "<group>";
		};
		B5E4630B2ACB338600ECEFF0 /* test_iosTests */ = {
			isa = PBXGroup;
			children = (
				B5E4630C2ACB338600ECEFF0 /* test_iosTests.swift */,
			);
			path = test_iosTests;
			sourceTree = "<group>";
		};
		B5E463152ACB338600ECEFF0 /* test_iosUITests */ = {
			isa = PBXGroup;
			children = (
				B5E463162ACB338600ECEFF0 /* test_iosUITests.swift */,
				B5E463182ACB338600ECEFF0 /* test_iosUITestsLaunchTests.swift */,
			);
			path = test_iosUITests;
			sourceTree = "<group>";
		};
/* End PBXGroup section */

/* Begin PBXNativeTarget section */
		B5E462F12ACB338200ECEFF0 /* test_ios */ = {
			isa = PBXNativeTarget;
			buildConfigurationList = B5E4631C2ACB338600ECEFF0 /* Build configuration list for PBXNativeTarget "test_ios" */;
			buildPhases = (
				B5E462EE2ACB338200ECEFF0 /* Sources */,
				B5E462EF2ACB338200ECEFF0 /* Frameworks */,
				B5E462F02ACB338200ECEFF0 /* Resources */,
			);
			buildRules = (
			);
			dependencies = (
			);
			name = test_ios;
			productName = test_ios;
			productReference = B5E462F22ACB338200ECEFF0 /* test_ios.app */;
			productType = "com.apple.product-type.application";
		};
		B5E463072ACB338600ECEFF0 /* test_iosTests */ = {
			isa = PBXNativeTarget;
			buildConfigurationList = B5E4631F2ACB338600ECEFF0 /* Build configuration list for PBXNativeTarget "test_iosTests" */;
			buildPhases = (
				B5E463042ACB338600ECEFF0 /* Sources */,
				B5E463052ACB338600ECEFF0 /* Frameworks */,
				B5E463062ACB338600ECEFF0 /* Resources */,
			);
			buildRules = (
			);
			dependencies = (
				B5E4630A2ACB338600ECEFF0 /* PBXTargetDependency */,
			);
			name = test_iosTests;
			productName = test_iosTests;
			productReference = B5E463082ACB338600ECEFF0 /* test_iosTests.xctest */;
			productType = "com.apple.product-type.bundle.unit-test";
		};
		B5E463112ACB338600ECEFF0 /* test_iosUITests */ = {
			isa = PBXNativeTarget;
			buildConfigurationList = B5E463222ACB338600ECEFF0 /* Build configuration list for PBXNativeTarget "test_iosUITests" */;
			buildPhases = (
				B5E4630E2ACB338600ECEFF0 /* Sources */,
				B5E4630F2ACB338600ECEFF0 /* Frameworks */,
				B5E463102ACB338600ECEFF0 /* Resources */,
			);
			buildRules = (
			);
			dependencies = (
				B5E463142ACB338600ECEFF0 /* PBXTargetDependency */,
			);
			name = test_iosUITests;
			productName = test_iosUITests;
			productReference = B5E463122ACB338600ECEFF0 /* test_iosUITests.xctest */;
			productType = "com.apple.product-type.bundle.ui-testing";
		};
/* End PBXNativeTarget section */

/* Begin PBXProject section */
		B5E462EA2ACB338200ECEFF0 /* Project object */ = {
			isa = PBXProject;
			attributes = {
				BuildIndependentTargetsInParallel = 1;
				LastSwiftUpdateCheck = 1500;
				LastUpgradeCheck = 1500;
				TargetAttributes = {
					B5E462F12ACB338200ECEFF0 = {
						CreatedOnToolsVersion = 15.0;
					};
					B5E463072ACB338600ECEFF0 = {
						CreatedOnToolsVersion = 15.0;
						TestTargetID = B5E462F12ACB338200ECEFF0;
					};
					B5E463112ACB338600ECEFF0 = {
						CreatedOnToolsVersion = 15.0;
						TestTargetID = B5E462F12ACB338200ECEFF0;
					};
				};
			};
			buildConfigurationList = B5E462ED2ACB338200ECEFF0 /* Build configuration list for PBXProject "test_ios" */;
			compatibilityVersion = "Xcode 14.0";
			developmentRegion = en;
			hasScannedForEncodings = 0;
			knownRegions = (
				en,
				Base,
			);
			mainGroup = B5E462E92ACB338200ECEFF0;
			productRefGroup = B5E462F32ACB338200ECEFF0 /* Products */;
			projectDirPath = "";
			projectRoot = "";
			targets = (
				B5E462F12ACB338200ECEFF0 /* test_ios */,
				B5E463072ACB338600ECEFF0 /* test_iosTests */,
				B5E463112ACB338600ECEFF0 /* test_iosUITests */,
			);
		};
/* End PBXProject section */

/* Begin PBXResourcesBuildPhase section */
		B5E462F02ACB338200ECEFF0 /* Resources */ = {
			isa = PBXResourcesBuildPhase;
			buildActionMask = 2147483647;
			files = (
				B5E463022ACB338500ECEFF0 /* LaunchScreen.storyboard in Resources */,
				B5E462FF2ACB338500ECEFF0 /* Assets.xcassets in Resources */,
				B5E462FD2ACB338200ECEFF0 /* Main.storyboard in Resources */,
			);
			runOnlyForDeploymentPostprocessing = 0;
		};
		B5E463062ACB338600ECEFF0 /* Resources */ = {
			isa = PBXResourcesBuildPhase;
			buildActionMask = 2147483647;
			files = (
			);
			runOnlyForDeploymentPostprocessing = 0;
		};
		B5E463102ACB338600ECEFF0 /* Resources */ = {
			isa = PBXResourcesBuildPhase;
			buildActionMask = 2147483647;
			files = (
			);
			runOnlyForDeploymentPostprocessing = 0;
		};
/* End PBXResourcesBuildPhase section */

/* Begin PBXSourcesBuildPhase section */
		B5E462EE2ACB338200ECEFF0 /* Sources */ = {
			isa = PBXSourcesBuildPhase;
			buildActionMask = 2147483647;
			files = (
				B5E462FA2ACB338200ECEFF0 /* ViewController.swift in Sources */,
				B5E462F62ACB338200ECEFF0 /* AppDelegate.swift in Sources */,
				B5E462F82ACB338200ECEFF0 /* SceneDelegate.swift in Sources */,
			);
			runOnlyForDeploymentPostprocessing = 0;
		};
		B5E463042ACB338600ECEFF0 /* Sources */ = {
			isa = PBXSourcesBuildPhase;
			buildActionMask = 2147483647;
			files = (
				B5E4630D2ACB338600ECEFF0 /* test_iosTests.swift in Sources */,
			);
			runOnlyForDeploymentPostprocessing = 0;
		};
		B5E4630E2ACB338600ECEFF0 /* Sources */ = {
			isa = PBXSourcesBuildPhase;
			buildActionMask = 2147483647;
			files = (
				B5E463192ACB338600ECEFF0 /* test_iosUITestsLaunchTests.swift in Sources */,
				B5E463172ACB338600ECEFF0 /* test_iosUITests.swift in Sources */,
			);
			runOnlyForDeploymentPostprocessing = 0;
		};
/* End PBXSourcesBuildPhase section */

/* Begin PBXTargetDependency section */
		B5E4630A2ACB338600ECEFF0 /* PBXTargetDependency */ = {
			isa = PBXTargetDependency;
			target = B5E462F12ACB338200ECEFF0 /* test_ios */;
			targetProxy = B5E463092ACB338600ECEFF0 /* PBXContainerItemProxy */;
		};
		B5E463142ACB338600ECEFF0 /* PBXTargetDependency */ = {
			isa = PBXTargetDependency;
			target = B5E462F12ACB338200ECEFF0 /* test_ios */;
			targetProxy = B5E463132ACB338600ECEFF0 /* PBXContainerItemProxy */;
		};
/* End PBXTargetDependency section */

/* Begin PBXVariantGroup section */
		B5E462FB2ACB338200ECEFF0 /* Main.storyboard */ = {
			isa = PBXVariantGroup;
			children = (
				B5E462FC2ACB338200ECEFF0 /* Base */,
			);
			name = Main.storyboard;
			sourceTree = "<group>";
		};
		B5E463002ACB338500ECEFF0 /* LaunchScreen.storyboard */ = {
			isa = PBXVariantGroup;
			children = (
				B5E463012ACB338500ECEFF0 /* Base */,
			);
			name = LaunchScreen.storyboard;
			sourceTree = "<group>";
		};
/* End PBXVariantGroup section */

/* Begin XCBuildConfiguration section */
		B5E4631A2ACB338600ECEFF0 /* Debug */ = {
			isa = XCBuildConfiguration;
			buildSettings = {
				ALWAYS_SEARCH_USER_PATHS = NO;
				ASSETCATALOG_COMPILER_GENERATE_SWIFT_ASSET_SYMBOL_EXTENSIONS = YES;
				CLANG_ANALYZER_NONNULL = YES;
				CLANG_ANALYZER_NUMBER_OBJECT_CONVERSION = YES_AGGRESSIVE;
				CLANG_CXX_LANGUAGE_STANDARD = "gnu++20";
				CLANG_ENABLE_MODULES = YES;
				CLANG_ENABLE_OBJC_ARC = YES;
				CLANG_ENABLE_OBJC_WEAK = YES;
				CLANG_WARN_BLOCK_CAPTURE_AUTORELEASING = YES;
				CLANG_WARN_BOOL_CONVERSION = YES;
				CLANG_WARN_COMMA = YES;
				CLANG_WARN_CONSTANT_CONVERSION = YES;
				CLANG_WARN_DEPRECATED_OBJC_IMPLEMENTATIONS = YES;
				CLANG_WARN_DIRECT_OBJC_ISA_USAGE = YES_ERROR;
				CLANG_WARN_DOCUMENTATION_COMMENTS = YES;
				CLANG_WARN_EMPTY_BODY = YES;
				CLANG_WARN_ENUM_CONVERSION = YES;
				CLANG_WARN_INFINITE_RECURSION = YES;
				CLANG_WARN_INT_CONVERSION = YES;
				CLANG_WARN_NON_LITERAL_NULL_CONVERSION = YES;
				CLANG_WARN_OBJC_IMPLICIT_RETAIN_SELF = YES;
				CLANG_WARN_OBJC_LITERAL_CONVERSION = YES;
				CLANG_WARN_OBJC_ROOT_CLASS = YES_ERROR;
				CLANG_WARN_QUOTED_INCLUDE_IN_FRAMEWORK_HEADER = YES;
				CLANG_WARN_RANGE_LOOP_ANALYSIS = YES;
				CLANG_WARN_STRICT_PROTOTYPES = YES;
				CLANG_WARN_SUSPICIOUS_MOVE = YES;
				CLANG_WARN_UNGUARDED_AVAILABILITY = YES_AGGRESSIVE;
				CLANG_WARN_UNREACHABLE_CODE = YES;
				CLANG_WARN__DUPLICATE_METHOD_MATCH = YES;
				COPY_PHASE_STRIP = NO;
				DEBUG_INFORMATION_FORMAT = dwarf;
				ENABLE_STRICT_OBJC_MSGSEND = YES;
				ENABLE_TESTABILITY = YES;
				ENABLE_USER_SCRIPT_SANDBOXING = YES;
				GCC_C_LANGUAGE_STANDARD = gnu17;
				GCC_DYNAMIC_NO_PIC = NO;
				GCC_NO_COMMON_BLOCKS = YES;
				GCC_OPTIMIZATION_LEVEL = 0;
				GCC_PREPROCESSOR_DEFINITIONS = (
					"DEBUG=1",
					"$(inherited)",
				);
				GCC_WARN_64_TO_32_BIT_CONVERSION = YES;
				GCC_WARN_ABOUT_RETURN_TYPE = YES_ERROR;
				GCC_WARN_UNDECLARED_SELECTOR = YES;
				GCC_WARN_UNINITIALIZED_AUTOS = YES_AGGRESSIVE;
				GCC_WARN_UNUSED_FUNCTION = YES;
				GCC_WARN_UNUSED_VARIABLE = YES;
				IPHONEOS_DEPLOYMENT_TARGET = 17.0;
				LOCALIZATION_PREFERS_STRING_CATALOGS = YES;
				MTL_ENABLE_DEBUG_INFO = INCLUDE_SOURCE;
				MTL_FAST_MATH = YES;
				ONLY_ACTIVE_ARCH = YES;
				SDKROOT = iphoneos;
				SWIFT_ACTIVE_COMPILATION_CONDITIONS = "DEBUG $(inherited)";
				SWIFT_OPTIMIZATION_LEVEL = "-Onone";
			};
			name = Debug;
		};
		B5E4631B2ACB338600ECEFF0 /* Release */ = {
			isa = XCBuildConfiguration;
			buildSettings = {
				ALWAYS_SEARCH_USER_PATHS = NO;
				ASSETCATALOG_COMPILER_GENERATE_SWIFT_ASSET_SYMBOL_EXTENSIONS = YES;
				CLANG_ANALYZER_NONNULL = YES;
				CLANG_ANALYZER_NUMBER_OBJECT_CONVERSION = YES_AGGRESSIVE;
				CLANG_CXX_LANGUAGE_STANDARD = "gnu++20";
				CLANG_ENABLE_MODULES = YES;
				CLANG_ENABLE_OBJC_ARC = YES;
				CLANG_ENABLE_OBJC_WEAK = YES;
				CLANG_WARN_BLOCK_CAPTURE_AUTORELEASING = YES;
				CLANG_WARN_BOOL_CONVERSION = YES;
				CLANG_WARN_COMMA = YES;
				CLANG_WARN_CONSTANT_CONVERSION = YES;
				CLANG_WARN_DEPRECATED_OBJC_IMPLEMENTATIONS = YES;
				CLANG_WARN_DIRECT_OBJC_ISA_USAGE = YES_ERROR;
				CLANG_WARN_DOCUMENTATION_COMMENTS = YES;
				CLANG_WARN_EMPTY_BODY = YES;
				CLANG_WARN_ENUM_CONVERSION = YES;
				CLANG_WARN_INFINITE_RECURSION = YES;
				CLANG_WARN_INT_CONVERSION = YES;
				CLANG_WARN_NON_LITERAL_NULL_CONVERSION = YES;
				CLANG_WARN_OBJC_IMPLICIT_RETAIN_SELF = YES;
				CLANG_WARN_OBJC_LITERAL_CONVERSION = YES;
				CLANG_WARN_OBJC_ROOT_CLASS = YES_ERROR;
				CLANG_WARN_QUOTED_INCLUDE_IN_FRAMEWORK_HEADER = YES;
				CLANG_WARN_RANGE_LOOP_ANALYSIS = YES;
				CLANG_WARN_STRICT_PROTOTYPES = YES;
				CLANG_WARN_SUSPICIOUS_MOVE = YES;
				CLANG_WARN_UNGUARDED_AVAILABILITY = YES_AGGRESSIVE;
				CLANG_WARN_UNREACHABLE_CODE = YES;
				CLANG_WARN__DUPLICATE_METHOD_MATCH = YES;
				COPY_PHASE_STRIP = NO;
				DEBUG_INFORMATION_FORMAT = "dwarf-with-dsym";
				ENABLE_NS_ASSERTIONS = NO;
				ENABLE_STRICT_OBJC_MSGSEND = YES;
				ENABLE_USER_SCRIPT_SANDBOXING = YES;
				GCC_C_LANGUAGE_STANDARD = gnu17;
				GCC_NO_COMMON_BLOCKS = YES;
				GCC_WARN_64_TO_32_BIT_CONVERSION = YES;
				GCC_WARN_ABOUT_RETURN_TYPE = YES_ERROR;
				GCC_WARN_UNDECLARED_SELECTOR = YES;
				GCC_WARN_UNINITIALIZED_AUTOS = YES_AGGRESSIVE;
				GCC_WARN_UNUSED_FUNCTION = YES;
				GCC_WARN_UNUSED_VARIABLE = YES;
				IPHONEOS_DEPLOYMENT_TARGET = 17.0;
				LOCALIZATION_PREFERS_STRING_CATALOGS = YES;
				MTL_ENABLE_DEBUG_INFO = NO;
				MTL_FAST_MATH = YES;
				SDKROOT = iphoneos;
				SWIFT_COMPILATION_MODE = wholemodule;
				VALIDATE_PRODUCT = YES;
			};
			name = Release;
		};
		B5E4631D2ACB338600ECEFF0 /* Debug */ = {
			isa = XCBuildConfiguration;
			buildSettings = {
				ASSETCATALOG_COMPILER_APPICON_NAME = AppIcon;
				ASSETCATALOG_COMPILER_GLOBAL_ACCENT_COLOR_NAME = AccentColor;
				CODE_SIGN_STYLE = Automatic;
				CURRENT_PROJECT_VERSION = 1;
				DEVELOPMENT_TEAM = AU7VVD7PQU;
				GENERATE_INFOPLIST_FILE = YES;
				INFOPLIST_FILE = test_ios/Info.plist;
				INFOPLIST_KEY_UIApplicationSupportsIndirectInputEvents = YES;
				INFOPLIST_KEY_UILaunchStoryboardName = LaunchScreen;
				INFOPLIST_KEY_UIMainStoryboardFile = Main;
				INFOPLIST_KEY_UISupportedInterfaceOrientations_iPad = "UIInterfaceOrientationPortrait UIInterfaceOrientationPortraitUpsideDown UIInterfaceOrientationLandscapeLeft UIInterfaceOrientationLandscapeRight";
				INFOPLIST_KEY_UISupportedInterfaceOrientations_iPhone = "UIInterfaceOrientationPortrait UIInterfaceOrientationLandscapeLeft UIInterfaceOrientationLandscapeRight";
				LD_RUNPATH_SEARCH_PATHS = (
					"$(inherited)",
					"@executable_path/Frameworks",
				);
				MARKETING_VERSION = 1.0;
				PRODUCT_BUNDLE_IDENTIFIER = "Me.test-ios";
				PRODUCT_NAME = "$(TARGET_NAME)";
				SWIFT_EMIT_LOC_STRINGS = YES;
				SWIFT_VERSION = 5.0;
				TARGETED_DEVICE_FAMILY = "1,2";
			};
			name = Debug;
		};
		B5E4631E2ACB338600ECEFF0 /* Release */ = {
			isa = XCBuildConfiguration;
			buildSettings = {
				ASSETCATALOG_COMPILER_APPICON_NAME = AppIcon;
				ASSETCATALOG_COMPILER_GLOBAL_ACCENT_COLOR_NAME = AccentColor;
				CODE_SIGN_STYLE = Automatic;
				CURRENT_PROJECT_VERSION = 1;
				DEVELOPMENT_TEAM = AU7VVD7PQU;
				GENERATE_INFOPLIST_FILE = YES;
				INFOPLIST_FILE = test_ios/Info.plist;
				INFOPLIST_KEY_UIApplicationSupportsIndirectInputEvents = YES;
				INFOPLIST_KEY_UILaunchStoryboardName = LaunchScreen;
				INFOPLIST_KEY_UIMainStoryboardFile = Main;
				INFOPLIST_KEY_UISupportedInterfaceOrientations_iPad = "UIInterfaceOrientationPortrait UIInterfaceOrientationPortraitUpsideDown UIInterfaceOrientationLandscapeLeft UIInterfaceOrientationLandscapeRight";
				INFOPLIST_KEY_UISupportedInterfaceOrientations_iPhone = "UIInterfaceOrientationPortrait UIInterfaceOrientationLandscapeLeft UIInterfaceOrientationLandscapeRight";
				LD_RUNPATH_SEARCH_PATHS = (
					"$(inherited)",
					"@executable_path/Frameworks",
				);
				MARKETING_VERSION = 1.0;
				PRODUCT_BUNDLE_IDENTIFIER = "Me.test-ios";
				PRODUCT_NAME = "$(TARGET_NAME)";
				SWIFT_EMIT_LOC_STRINGS = YES;
				SWIFT_VERSION = 5.0;
				TARGETED_DEVICE_FAMILY = "1,2";
			};
			name = Release;
		};
		B5E463202ACB338600ECEFF0 /* Debug */ = {
			isa = XCBuildConfiguration;
			buildSettings = {
				ALWAYS_EMBED_SWIFT_STANDARD_LIBRARIES = YES;
				BUNDLE_LOADER = "$(TEST_HOST)";
				CODE_SIGN_STYLE = Automatic;
				CURRENT_PROJECT_VERSION = 1;
				DEVELOPMENT_TEAM = AU7VVD7PQU;
				GENERATE_INFOPLIST_FILE = YES;
				IPHONEOS_DEPLOYMENT_TARGET = 17.0;
				MARKETING_VERSION = 1.0;
				PRODUCT_BUNDLE_IDENTIFIER = "Me.test-iosTests";
				PRODUCT_NAME = "$(TARGET_NAME)";
				SWIFT_EMIT_LOC_STRINGS = NO;
				SWIFT_VERSION = 5.0;
				TARGETED_DEVICE_FAMILY = "1,2";
				TEST_HOST = "$(BUILT_PRODUCTS_DIR)/test_ios.app/$(BUNDLE_EXECUTABLE_FOLDER_PATH)/test_ios";
			};
			name = Debug;
		};
		B5E463212ACB338600ECEFF0 /* Release */ = {
			isa = XCBuildConfiguration;
			buildSettings = {
				ALWAYS_EMBED_SWIFT_STANDARD_LIBRARIES = YES;
				BUNDLE_LOADER = "$(TEST_HOST)";
				CODE_SIGN_STYLE = Automatic;
				CURRENT_PROJECT_VERSION = 1;
				DEVELOPMENT_TEAM = AU7VVD7PQU;
				GENERATE_INFOPLIST_FILE = YES;
				IPHONEOS_DEPLOYMENT_TARGET = 17.0;
				MARKETING_VERSION = 1.0;
				PRODUCT_BUNDLE_IDENTIFIER = "Me.test-iosTests";
				PRODUCT_NAME = "$(TARGET_NAME)";
				SWIFT_EMIT_LOC_STRINGS = NO;
				SWIFT_VERSION = 5.0;
				TARGETED_DEVICE_FAMILY = "1,2";
				TEST_HOST = "$(BUILT_PRODUCTS_DIR)/test_ios.app/$(BUNDLE_EXECUTABLE_FOLDER_PATH)/test_ios";
			};
			name = Release;
		};
		B5E463232ACB338600ECEFF0 /* Debug */ = {
			isa = XCBuildConfiguration;
			buildSettings = {
				ALWAYS_EMBED_SWIFT_STANDARD_LIBRARIES = YES;
				CODE_SIGN_STYLE = Automatic;
				CURRENT_PROJECT_VERSION = 1;
				DEVELOPMENT_TEAM = AU7VVD7PQU;
				GENERATE_INFOPLIST_FILE = YES;
				MARKETING_VERSION = 1.0;
				PRODUCT_BUNDLE_IDENTIFIER = "Me.test-iosUITests";
				PRODUCT_NAME = "$(TARGET_NAME)";
				SWIFT_EMIT_LOC_STRINGS = NO;
				SWIFT_VERSION = 5.0;
				TARGETED_DEVICE_FAMILY = "1,2";
				TEST_TARGET_NAME = test_ios;
			};
			name = Debug;
		};
		B5E463242ACB338600ECEFF0 /* Release */ = {
			isa = XCBuildConfiguration;
			buildSettings = {
				ALWAYS_EMBED_SWIFT_STANDARD_LIBRARIES = YES;
				CODE_SIGN_STYLE = Automatic;
				CURRENT_PROJECT_VERSION = 1;
				DEVELOPMENT_TEAM = AU7VVD7PQU;
				GENERATE_INFOPLIST_FILE = YES;
				MARKETING_VERSION = 1.0;
				PRODUCT_BUNDLE_IDENTIFIER = "Me.test-iosUITests";
				PRODUCT_NAME = "$(TARGET_NAME)";
				SWIFT_EMIT_LOC_STRINGS = NO;
				SWIFT_VERSION = 5.0;
				TARGETED_DEVICE_FAMILY = "1,2";
				TEST_TARGET_NAME = test_ios;
			};
			name = Release;
		};
/* End XCBuildConfiguration section */

/* Begin XCConfigurationList section */
		B5E462ED2ACB338200ECEFF0 /* Build configuration list for PBXProject "test_ios" */ = {
			isa = XCConfigurationList;
			buildConfigurations = (
				B5E4631A2ACB338600ECEFF0 /* Debug */,
				B5E4631B2ACB338600ECEFF0 /* Release */,
			);
			defaultConfigurationIsVisible = 0;
			defaultConfigurationName = Release;
		};
		B5E4631C2ACB338600ECEFF0 /* Build configuration list for PBXNativeTarget "test_ios" */ = {
			isa = XCConfigurationList;
			buildConfigurations = (
				B5E4631D2ACB338600ECEFF0 /* Debug */,
				B5E4631E2ACB338600ECEFF0 /* Release */,
			);
			defaultConfigurationIsVisible = 0;
			defaultConfigurationName = Release;
		};
		B5E4631F2ACB338600ECEFF0 /* Build configuration list for PBXNativeTarget "test_iosTests" */ = {
			isa = XCConfigurationList;
			buildConfigurations = (
				B5E463202ACB338600ECEFF0 /* Debug */,
				B5E463212ACB338600ECEFF0 /* Release */,
			);
			defaultConfigurationIsVisible = 0;
			defaultConfigurationName = Release;
		};
		B5E463222ACB338600ECEFF0 /* Build configuration list for PBXNativeTarget "test_iosUITests" */ = {
			isa = XCConfigurationList;
			buildConfigurations = (
				B5E463232ACB338600ECEFF0 /* Debug */,
				B5E463242ACB338600ECEFF0 /* Release */,
			);
			defaultConfigurationIsVisible = 0;
			defaultConfigurationName = Release;
		};
/* End XCConfigurationList section */
	};
	rootObject = B5E462EA2ACB338200ECEFF0 /* Project object */;
}
